
Microsoft Visual Studio Solution File, Format Version 11.00
# Visual Studio 2010
Project("{8BC9CEB8-8B4A-11D0-8D11-00A0C91BC942}") = "TaoBaoSender", "TaoBaoSender\TaoBaoSender.vcxproj", "{F091948F-85E0-49E7-A955-410B09769F84}"
EndProject
Global
	GlobalSection(SolutionConfigurationPlatforms) = preSolution
		Debug|Win32 = Debug|Win32
		Release|Win32 = Release|Win32
	EndGlobalSection
	GlobalSection(ProjectConfigurationPlatforms) = postSolution
		{F091948F-85E0-49E7-A955-410B09769F84}.Debug|Win32.ActiveCfg = Release|Win32
		{F091948F-85E0-49E7-A955-410B09769F84}.Debug|Win32.Build.0 = Release|Win32
		{F091948F-85E0-49E7-A955-410B09769F84}.Release|Win32.ActiveCfg = Release|Win32
		{F091948F-85E0-49E7-A955-410B09769F84}.Release|Win32.Build.0 = Release|Win32
	EndGlobalSection
	GlobalSection(SolutionProperties) = preSolution
		HideSolutionNode = FALSE
	EndGlobalSection
EndGlobal
